
Microsoft Visual Studio Solution File, Format Version 12.00
# Visual Studio 15
VisualStudioVersion = 15.0.27428.2005
MinimumVisualStudioVersion = 10.0.40219.1
Project("{FAE04EC0-301F-11D3-BF4B-00C04F79EFBC}") = "SorterControl", "SorterControl\SorterControl.csproj", "{49E85302-06D3-4D12-B1A0-64C0A5A02BA8}"
EndProject
Project("{FAE04EC0-301F-11D3-BF4B-00C04F79EFBC}") = "SANWA", "..\SANWA Function\SANWA\SANWA\SANWA.csproj", "{4EED2ED4-A72E-4F24-8D80-EF2F0B24FCF1}"
EndProject
Global
	GlobalSection(SolutionConfigurationPlatforms) = preSolution
		Debug|Any CPU = Debug|Any CPU
		Release|Any CPU = Release|Any CPU
	EndGlobalSection
	GlobalSection(ProjectConfigurationPlatforms) = postSolution
		{49E85302-06D3-4D12-B1A0-64C0A5A02BA8}.Debug|Any CPU.ActiveCfg = Debug|Any CPU
		{49E85302-06D3-4D12-B1A0-64C0A5A02BA8}.Debug|Any CPU.Build.0 = Debug|Any CPU
		{49E85302-06D3-4D12-B1A0-64C0A5A02BA8}.Release|Any CPU.ActiveCfg = Release|Any CPU
		{49E85302-06D3-4D12-B1A0-64C0A5A02BA8}.Release|Any CPU.Build.0 = Release|Any CPU
		{4EED2ED4-A72E-4F24-8D80-EF2F0B24FCF1}.Debug|Any CPU.ActiveCfg = Debug|Any CPU
		{4EED2ED4-A72E-4F24-8D80-EF2F0B24FCF1}.Debug|Any CPU.Build.0 = Debug|Any CPU
		{4EED2ED4-A72E-4F24-8D80-EF2F0B24FCF1}.Release|Any CPU.ActiveCfg = Release|Any CPU
		{4EED2ED4-A72E-4F24-8D80-EF2F0B24FCF1}.Release|Any CPU.Build.0 = Release|Any CPU
	EndGlobalSection
	GlobalSection(SolutionProperties) = preSolution
		HideSolutionNode = FALSE
	EndGlobalSection
	GlobalSection(ExtensibilityGlobals) = postSolution
		SolutionGuid = {A9B037A5-4F2F-4B01-9C27-FDAA8DE479FF}
	EndGlobalSection
EndGlobal
